
Microsoft Visual Studio Solution File, Format Version 12.00
# Visual Studio Version 16
VisualStudioVersion = 16.0.30523.141
MinimumVisualStudioVersion = 10.0.40219.1
Project("{9A19103F-16F7-4668-BE54-9A1E7A4F7556}") = "SampleMovie", "SampleMovie.csproj", "{DE7F3B14-7866-4A52-9858-ECDE433A5869}"
EndProject
Project("{2150E333-8FDC-42A3-9474-1A3956D46DE8}") = "Solution Items", "Solution Items", "{D6809884-B451-400B-8BE1-0C187105E44E}"
	ProjectSection(SolutionItems) = preProject
		.editorconfig = .editorconfig
	EndProjectSection
EndProject
Global
	GlobalSection(SolutionConfigurationPlatforms) = preSolution
		Debug|Any CPU = Debug|Any CPU
		Release|Any CPU = Release|Any CPU
	EndGlobalSection
	GlobalSection(ProjectConfigurationPlatforms) = postSolution
		{DE7F3B14-7866-4A52-9858-ECDE433A5869}.Debug|Any CPU.ActiveCfg = Debug|Any CPU
		{DE7F3B14-7866-4A52-9858-ECDE433A5869}.Debug|Any CPU.Build.0 = Debug|Any CPU
		{DE7F3B14-7866-4A52-9858-ECDE433A5869}.Release|Any CPU.ActiveCfg = Release|Any CPU
		{DE7F3B14-7866-4A52-9858-ECDE433A5869}.Release|Any CPU.Build.0 = Release|Any CPU
	EndGlobalSection
	GlobalSection(SolutionProperties) = preSolution
		HideSolutionNode = FALSE
	EndGlobalSection
	GlobalSection(ExtensibilityGlobals) = postSolution
		SolutionGuid = {666A63A1-5E00-4E23-B464-19521DA80BF2}
	EndGlobalSection
EndGlobal
